
Microsoft Visual Studio Solution File, Format Version 12.00
# Visual Studio Version 16
VisualStudioVersion = 16.0.30309.148
MinimumVisualStudioVersion = 10.0.40219.1
Project("{FAE04EC0-301F-11D3-BF4B-00C04F79EFBC}") = "Allergenspotter", "Allergenspotter\Allergenspotter.csproj", "{23D825E1-3815-46AB-8121-2AEBC8A4B14D}"
EndProject
Global
	GlobalSection(SolutionConfigurationPlatforms) = preSolution
		Debug|Any CPU = Debug|Any CPU
		Release|Any CPU = Release|Any CPU
	EndGlobalSection
	GlobalSection(ProjectConfigurationPlatforms) = postSolution
		{23D825E1-3815-46AB-8121-2AEBC8A4B14D}.Debug|Any CPU.ActiveCfg = Debug|Any CPU
		{23D825E1-3815-46AB-8121-2AEBC8A4B14D}.Debug|Any CPU.Build.0 = Debug|Any CPU
		{23D825E1-3815-46AB-8121-2AEBC8A4B14D}.Release|Any CPU.ActiveCfg = Release|Any CPU
		{23D825E1-3815-46AB-8121-2AEBC8A4B14D}.Release|Any CPU.Build.0 = Release|Any CPU
	EndGlobalSection
	GlobalSection(SolutionProperties) = preSolution
		HideSolutionNode = FALSE
	EndGlobalSection
	GlobalSection(ExtensibilityGlobals) = postSolution
		SolutionGuid = {3D506972-C1AA-4F17-983E-647623CA4321}
	EndGlobalSection
EndGlobal
